
Microsoft Visual Studio Solution File, Format Version 12.00
# Visual Studio 15
VisualStudioVersion = 15.0.27703.2035
MinimumVisualStudioVersion = 10.0.40219.1
Project("{FAE04EC0-301F-11D3-BF4B-00C04F79EFBC}") = "ConsoleApp1", "ConsoleApp1\ConsoleApp1.csproj", "{961336FD-AD66-449C-A430-6DB45F43D91F}"
EndProject
Project("{E53339B2-1760-4266-BCC7-CA923CBCF16C}") = "docker-compose", "docker-compose.dcproj", "{92AA84F8-46DE-4899-9845-2439BFEFFC76}"
EndProject
Project("{9A19103F-16F7-4668-BE54-9A1E7A4F7556}") = "FirstFunctions", "..\FirstFunctions\FirstFunctions\FirstFunctions.csproj", "{55685FD9-F65F-4D3E-A672-5B11E75F2A9A}"
EndProject
Global
	GlobalSection(SolutionConfigurationPlatforms) = preSolution
		Debug|Any CPU = Debug|Any CPU
		Release|Any CPU = Release|Any CPU
	EndGlobalSection
	GlobalSection(ProjectConfigurationPlatforms) = postSolution
		{961336FD-AD66-449C-A430-6DB45F43D91F}.Debug|Any CPU.ActiveCfg = Debug|Any CPU
		{961336FD-AD66-449C-A430-6DB45F43D91F}.Debug|Any CPU.Build.0 = Debug|Any CPU
		{961336FD-AD66-449C-A430-6DB45F43D91F}.Release|Any CPU.ActiveCfg = Release|Any CPU
		{961336FD-AD66-449C-A430-6DB45F43D91F}.Release|Any CPU.Build.0 = Release|Any CPU
		{92AA84F8-46DE-4899-9845-2439BFEFFC76}.Debug|Any CPU.ActiveCfg = Debug|Any CPU
		{92AA84F8-46DE-4899-9845-2439BFEFFC76}.Debug|Any CPU.Build.0 = Debug|Any CPU
		{92AA84F8-46DE-4899-9845-2439BFEFFC76}.Release|Any CPU.ActiveCfg = Release|Any CPU
		{92AA84F8-46DE-4899-9845-2439BFEFFC76}.Release|Any CPU.Build.0 = Release|Any CPU
		{55685FD9-F65F-4D3E-A672-5B11E75F2A9A}.Debug|Any CPU.ActiveCfg = Debug|Any CPU
		{55685FD9-F65F-4D3E-A672-5B11E75F2A9A}.Debug|Any CPU.Build.0 = Debug|Any CPU
		{55685FD9-F65F-4D3E-A672-5B11E75F2A9A}.Release|Any CPU.ActiveCfg = Release|Any CPU
		{55685FD9-F65F-4D3E-A672-5B11E75F2A9A}.Release|Any CPU.Build.0 = Release|Any CPU
	EndGlobalSection
	GlobalSection(SolutionProperties) = preSolution
		HideSolutionNode = FALSE
	EndGlobalSection
	GlobalSection(ExtensibilityGlobals) = postSolution
		SolutionGuid = {0BB9D8E1-7DCC-4189-8933-3E64C5EA8A9F}
	EndGlobalSection
EndGlobal
